// !$*UTF8*$!
{
	archiveVersion = 1;
	classes = {
	};
	objectVersion = 48;
	objects = {

/* Begin PBXBuildFile section */
		EB74E6012068F0D800DD32AA /* AppDelegate.swift in Sources */ = {isa = PBXBuildFile; fileRef = EB74E6002068F0D800DD32AA /* AppDelegate.swift */; };
		EB74E6032068F0D800DD32AA /* ViewController.swift in Sources */ = {isa = PBXBuildFile; fileRef = EB74E6022068F0D800DD32AA /* ViewController.swift */; };
		EB74E6062068F0D800DD32AA /* Main.storyboard in Resources */ = {isa = PBXBuildFile; fileRef = EB74E6042068F0D800DD32AA /* Main.storyboard */; };
		EB74E6082068F0D800DD32AA /* Assets.xcassets in Resources */ = {isa = PBXBuildFile; fileRef = EB74E6072068F0D800DD32AA /* Assets.xcassets */; };
		EB74E60B2068F0D800DD32AA /* LaunchScreen.storyboard in Resources */ = {isa = PBXBuildFile; fileRef = EB74E6092068F0D800DD32AA /* LaunchScreen.storyboard */; };
		EB74E6142068F0FE00DD32AA /* ZYStarRateView.swift in Sources */ = {isa = PBXBuildFile; fileRef = EB74E6132068F0FE00DD32AA /* ZYStarRateView.swift */; };
/* End PBXBuildFile section */

/* Begin PBXFileReference section */
		EB74E5FD2068F0D800DD32AA /* ZYStarDemo.app */ = {isa = PBXFileReference; explicitFileType = wrapper.application; includeInIndex = 0; path = ZYStarDemo.app; sourceTree = BUILT_PRODUCTS_DIR; };
		EB74E6002068F0D800DD32AA /* AppDelegate.swift */ = {isa = PBXFileReference; lastKnownFileType = sourcecode.swift; path = AppDelegate.swift; sourceTree = "<group>"; };
		EB74E6022068F0D800DD32AA /* ViewController.swift */ = {isa = PBXFileReference; lastKnownFileType = sourcecode.swift; path = ViewController.swift; sourceTree = "<group>"; };
		EB74E6052068F0D800DD32AA /* Base */ = {isa = PBXFileReference; lastKnownFileType = file.storyboard; name = Base; path = Base.lproj/Main.storyboard; sourceTree = "<group>"; };
		EB74E6072068F0D800DD32AA /* Assets.xcassets */ = {isa = PBXFileReference; lastKnownFileType = folder.assetcatalog; path = Assets.xcassets; sourceTree = "<group>"; };
		EB74E60A2068F0D800DD32AA /* Base */ = {isa = PBXFileReference; lastKnownFileType = file.storyboard; name = Base; path = Base.lproj/LaunchScreen.storyboard; sourceTree = "<group>"; };
		EB74E60C2068F0D800DD32AA /* Info.plist */ = {isa = PBXFileReference; lastKnownFileType = text.plist.xml; path = Info.plist; sourceTree = "<group>"; };
		EB74E6132068F0FE00DD32AA /* ZYStarRateView.swift */ = {isa = PBXFileReference; fileEncoding = 4; lastKnownFileType = sourcecode.swift; path = ZYStarRateView.swift; sourceTree = "<group>"; };
/* End PBXFileReference section */

/* Begin PBXFrameworksBuildPhase section */
		EB74E5FA2068F0D800DD32AA /* Frameworks */ = {
			isa = PBXFrameworksBuildPhase;
			buildActionMask = 2147483647;
			files = (
			);
			runOnlyForDeploymentPostprocessing = 0;
		};
/* End PBXFrameworksBuildPhase section */

/* Begin PBXGroup section */
		EB74E5F42068F0D800DD32AA = {
			isa = PBXGroup;
			children = (
				EB74E5FF2068F0D800DD32AA /* ZYStarDemo */,
				EB74E5FE2068F0D800DD32AA /* Products */,
			);
			sourceTree = "<group>";
		};
		EB74E5FE2068F0D800DD32AA /* Products */ = {
			isa = PBXGroup;
			children = (
				EB74E5FD2068F0D800DD32AA /* ZYStarDemo.app */,
			);
			name = Products;
			sourceTree = "<group>";
		};
		EB74E5FF2068F0D800DD32AA /* ZYStarDemo */ = {
			isa = PBXGroup;
			children = (
				EB74E6122068F0E700DD32AA /* Class */,
				EB74E6002068F0D800DD32AA /* AppDelegate.swift */,
				EB74E6022068F0D800DD32AA /* ViewController.swift */,
				EB74E6042068F0D800DD32AA /* Main.storyboard */,
				EB74E6072068F0D800DD32AA /* Assets.xcassets */,
				EB74E6092068F0D800DD32AA /* LaunchScreen.storyboard */,
				EB74E60C2068F0D800DD32AA /* Info.plist */,
			);
			path = ZYStarDemo;
			sourceTree = "<group>";
		};
		EB74E6122068F0E700DD32AA /* Class */ = {
			isa = PBXGroup;
			children = (
				EB74E6132068F0FE00DD32AA /* ZYStarRateView.swift */,
			);
			path = Class;
			sourceTree = "<group>";
		};
/* End PBXGroup section */

/* Begin PBXNativeTarget section */
		EB74E5FC2068F0D800DD32AA /* ZYStarDemo */ = {
			isa = PBXNativeTarget;
			buildConfigurationList = EB74E60F2068F0D800DD32AA /* Build configuration list for PBXNativeTarget "ZYStarDemo" */;
			buildPhases = (
				EB74E5F92068F0D800DD32AA /* Sources */,
				EB74E5FA2068F0D800DD32AA /* Frameworks */,
				EB74E5FB2068F0D800DD32AA /* Resources */,
			);
			buildRules = (
			);
			dependencies = (
			);
			name = ZYStarDemo;
			productName = ZYStarDemo;
			productReference = EB74E5FD2068F0D800DD32AA /* ZYStarDemo.app */;
			productType = "com.apple.product-type.application";
		};
/* End PBXNativeTarget section */

/* Begin PBXProject section */
		EB74E5F52068F0D800DD32AA /* Project object */ = {
			isa = PBXProject;
			attributes = {
				LastSwiftUpdateCheck = 0920;
				LastUpgradeCheck = 0920;
				ORGANIZATIONNAME = Nvr;
				TargetAttributes = {
					EB74E5FC2068F0D800DD32AA = {
						CreatedOnToolsVersion = 9.2;
						ProvisioningStyle = Automatic;
					};
				};
			};
			buildConfigurationList = EB74E5F82068F0D800DD32AA /* Build configuration list for PBXProject "ZYStarDemo" */;
			compatibilityVersion = "Xcode 8.0";
			developmentRegion = en;
			hasScannedForEncodings = 0;
			knownRegions = (
				en,
				Base,
			);
			mainGroup = EB74E5F42068F0D800DD32AA;
			productRefGroup = EB74E5FE2068F0D800DD32AA /* Products */;
			projectDirPath = "";
			projectRoot = "";
			targets = (
				EB74E5FC2068F0D800DD32AA /* ZYStarDemo */,
			);
		};
/* End PBXProject section */

/* Begin PBXResourcesBuildPhase section */
		EB74E5FB2068F0D800DD32AA /* Resources */ = {
			isa = PBXResourcesBuildPhase;
			buildActionMask = 2147483647;
			files = (
				EB74E60B2068F0D800DD32AA /* LaunchScreen.storyboard in Resources */,
				EB74E6082068F0D800DD32AA /* Assets.xcassets in Resources */,
				EB74E6062068F0D800DD32AA /* Main.storyboard in Resources */,
			);
			runOnlyForDeploymentPostprocessing = 0;
		};
/* End PBXResourcesBuildPhase section */

/* Begin PBXSourcesBuildPhase section */
		EB74E5F92068F0D800DD32AA /* Sources */ = {
			isa = PBXSourcesBuildPhase;
			buildActionMask = 2147483647;
			files = (
				EB74E6032068F0D800DD32AA /* ViewController.swift in Sources */,
				EB74E6142068F0FE00DD32AA /* ZYStarRateView.swift in Sources */,
				EB74E6012068F0D800DD32AA /* AppDelegate.swift in Sources */,
			);
			runOnlyForDeploymentPostprocessing = 0;
		};
/* End PBXSourcesBuildPhase section */

/* Begin PBXVariantGroup section */
		EB74E6042068F0D800DD32AA /* Main.storyboard */ = {
			isa = PBXVariantGroup;
			children = (
				EB74E6052068F0D800DD32AA /* Base */,
			);
			name = Main.storyboard;
			sourceTree = "<group>";
		};
		EB74E6092068F0D800DD32AA /* LaunchScreen.storyboard */ = {
			isa = PBXVariantGroup;
			children = (
				EB74E60A2068F0D800DD32AA /* Base */,
			);
			name = LaunchScreen.storyboard;
			sourceTree = "<group>";
		};
/* End PBXVariantGroup section */

/* Begin XCBuildConfiguration section */
		EB74E60D2068F0D800DD32AA /* Debug */ = {
			isa = XCBuildConfiguration;
			buildSettings = {
				ALWAYS_SEARCH_USER_PATHS = NO;
				CLANG_ANALYZER_NONNULL = YES;
				CLANG_ANALYZER_NUMBER_OBJECT_CONVERSION = YES_AGGRESSIVE;
				CLANG_CXX_LANGUAGE_STANDARD = "gnu++14";
				CLANG_CXX_LIBRARY = "libc++";
				CLANG_ENABLE_MODULES = YES;
				CLANG_ENABLE_OBJC_ARC = YES;
				CLANG_WARN_BLOCK_CAPTURE_AUTORELEASING = YES;
				CLANG_WARN_BOOL_CONVERSION = YES;
				CLANG_WARN_COMMA = YES;
				CLANG_WARN_CONSTANT_CONVERSION = YES;
				CLANG_WARN_DIRECT_OBJC_ISA_USAGE = YES_ERROR;
				CLANG_WARN_DOCUMENTATION_COMMENTS = YES;
				CLANG_WARN_EMPTY_BODY = YES;
				CLANG_WARN_ENUM_CONVERSION = YES;
				CLANG_WARN_INFINITE_RECURSION = YES;
				CLANG_WARN_INT_CONVERSION = YES;
				CLANG_WARN_NON_LITERAL_NULL_CONVERSION = YES;
				CLANG_WARN_OBJC_LITERAL_CONVERSION = YES;
				CLANG_WARN_OBJC_ROOT_CLASS = YES_ERROR;
				CLANG_WARN_RANGE_LOOP_ANALYSIS = YES;
				CLANG_WARN_STRICT_PROTOTYPES = YES;
				CLANG_WARN_SUSPICIOUS_MOVE = YES;
				CLANG_WARN_UNGUARDED_AVAILABILITY = YES_AGGRESSIVE;
				CLANG_WARN_UNREACHABLE_CODE = YES;
				CLANG_WARN__DUPLICATE_METHOD_MATCH = YES;
				CODE_SIGN_IDENTITY = "iPhone Developer";
				COPY_PHASE_STRIP = NO;
				DEBUG_INFORMATION_FORMAT = dwarf;
				ENABLE_STRICT_OBJC_MSGSEND = YES;
				ENABLE_TESTABILITY = YES;
				GCC_C_LANGUAGE_STANDARD = gnu11;
				GCC_DYNAMIC_NO_PIC = NO;
				GCC_NO_COMMON_BLOCKS = YES;
				GCC_OPTIMIZATION_LEVEL = 0;
				GCC_PREPROCESSOR_DEFINITIONS = (
					"DEBUG=1",
					"$(inherited)",
				);
				GCC_WARN_64_TO_32_BIT_CONVERSION = YES;
				GCC_WARN_ABOUT_RETURN_TYPE = YES_ERROR;
				GCC_WARN_UNDECLARED_SELECTOR = YES;
				GCC_WARN_UNINITIALIZED_AUTOS = YES_AGGRESSIVE;
				GCC_WARN_UNUSED_FUNCTION = YES;
				GCC_WARN_UNUSED_VARIABLE = YES;
				IPHONEOS_DEPLOYMENT_TARGET = 11.2;
				MTL_ENABLE_DEBUG_INFO = YES;
				ONLY_ACTIVE_ARCH = YES;
				SDKROOT = iphoneos;
				SWIFT_ACTIVE_COMPILATION_CONDITIONS = DEBUG;
				SWIFT_OPTIMIZATION_LEVEL = "-Onone";
			};
			name = Debug;
		};
		EB74E60E2068F0D800DD32AA /* Release */ = {
			isa = XCBuildConfiguration;
			buildSettings = {
				ALWAYS_SEARCH_USER_PATHS = NO;
				CLANG_ANALYZER_NONNULL = YES;
				CLANG_ANALYZER_NUMBER_OBJECT_CONVERSION = YES_AGGRESSIVE;
				CLANG_CXX_LANGUAGE_STANDARD = "gnu++14";
				CLANG_CXX_LIBRARY = "libc++";
				CLANG_ENABLE_MODULES = YES;
				CLANG_ENABLE_OBJC_ARC = YES;
				CLANG_WARN_BLOCK_CAPTURE_AUTORELEASING = YES;
				CLANG_WARN_BOOL_CONVERSION = YES;
				CLANG_WARN_COMMA = YES;
				CLANG_WARN_CONSTANT_CONVERSION = YES;
				CLANG_WARN_DIRECT_OBJC_ISA_USAGE = YES_ERROR;
				CLANG_WARN_DOCUMENTATION_COMMENTS = YES;
				CLANG_WARN_EMPTY_BODY = YES;
				CLANG_WARN_ENUM_CONVERSION = YES;
				CLANG_WARN_INFINITE_RECURSION = YES;
				CLANG_WARN_INT_CONVERSION = YES;
				CLANG_WARN_NON_LITERAL_NULL_CONVERSION = YES;
				CLANG_WARN_OBJC_LITERAL_CONVERSION = YES;
				CLANG_WARN_OBJC_ROOT_CLASS = YES_ERROR;
				CLANG_WARN_RANGE_LOOP_ANALYSIS = YES;
				CLANG_WARN_STRICT_PROTOTYPES = YES;
				CLANG_WARN_SUSPICIOUS_MOVE = YES;
				CLANG_WARN_UNGUARDED_AVAILABILITY = YES_AGGRESSIVE;
				CLANG_WARN_UNREACHABLE_CODE = YES;
				CLANG_WARN__DUPLICATE_METHOD_MATCH = YES;
				CODE_SIGN_IDENTITY = "iPhone Developer";
				COPY_PHASE_STRIP = NO;
				DEBUG_INFORMATION_FORMAT = "dwarf-with-dsym";
				ENABLE_NS_ASSERTIONS = NO;
				ENABLE_STRICT_OBJC_MSGSEND = YES;
				GCC_C_LANGUAGE_STANDARD = gnu11;
				GCC_NO_COMMON_BLOCKS = YES;
				GCC_WARN_64_TO_32_BIT_CONVERSION = YES;
				GCC_WARN_ABOUT_RETURN_TYPE = YES_ERROR;
				GCC_WARN_UNDECLARED_SELECTOR = YES;
				GCC_WARN_UNINITIALIZED_AUTOS = YES_AGGRESSIVE;
				GCC_WARN_UNUSED_FUNCTION = YES;
				GCC_WARN_UNUSED_VARIABLE = YES;
				IPHONEOS_DEPLOYMENT_TARGET = 11.2;
				MTL_ENABLE_DEBUG_INFO = NO;
				SDKROOT = iphoneos;
				SWIFT_OPTIMIZATION_LEVEL = "-Owholemodule";
				VALIDATE_PRODUCT = YES;
			};
			name = Release;
		};
		EB74E6102068F0D800DD32AA /* Debug */ = {
			isa = XCBuildConfiguration;
			buildSettings = {
				ASSETCATALOG_COMPILER_APPICON_NAME = AppIcon;
				CODE_SIGN_STYLE = Automatic;
				INFOPLIST_FILE = ZYStarDemo/Info.plist;
				LD_RUNPATH_SEARCH_PATHS = "$(inherited) @executable_path/Frameworks";
				PRODUCT_BUNDLE_IDENTIFIER = ZYStar.ZYStarDemo;
				PRODUCT_NAME = "$(TARGET_NAME)";
				SWIFT_VERSION = 4.0;
				TARGETED_DEVICE_FAMILY = "1,2";
			};
			name = Debug;
		};
		EB74E6112068F0D800DD32AA /* Release */ = {
			isa = XCBuildConfiguration;
			buildSettings = {
				ASSETCATALOG_COMPILER_APPICON_NAME = AppIcon;
				CODE_SIGN_STYLE = Automatic;
				INFOPLIST_FILE = ZYStarDemo/Info.plist;
				LD_RUNPATH_SEARCH_PATHS = "$(inherited) @executable_path/Frameworks";
				PRODUCT_BUNDLE_IDENTIFIER = ZYStar.ZYStarDemo;
				PRODUCT_NAME = "$(TARGET_NAME)";
				SWIFT_VERSION = 4.0;
				TARGETED_DEVICE_FAMILY = "1,2";
			};
			name = Release;
		};
/* End XCBuildConfiguration section */

/* Begin XCConfigurationList section */
		EB74E5F82068F0D800DD32AA /* Build configuration list for PBXProject "ZYStarDemo" */ = {
			isa = XCConfigurationList;
			buildConfigurations = (
				EB74E60D2068F0D800DD32AA /* Debug */,
				EB74E60E2068F0D800DD32AA /* Release */,
			);
			defaultConfigurationIsVisible = 0;
			defaultConfigurationName = Release;
		};
		EB74E60F2068F0D800DD32AA /* Build configuration list for PBXNativeTarget "ZYStarDemo" */ = {
			isa = XCConfigurationList;
			buildConfigurations = (
				EB74E6102068F0D800DD32AA /* Debug */,
				EB74E6112068F0D800DD32AA /* Release */,
			);
			defaultConfigurationIsVisible = 0;
			defaultConfigurationName = Release;
		};
/* End XCConfigurationList section */
	};
	rootObject = EB74E5F52068F0D800DD32AA /* Project object */;
}
